
Microsoft Visual Studio Solution File, Format Version 12.00
# Visual Studio Version 16
VisualStudioVersion = 16.0.29102.190
MinimumVisualStudioVersion = 10.0.40219.1
Project("{FAE04EC0-301F-11D3-BF4B-00C04F79EFBC}") = "QuotesApi", "QuotesApi.csproj", "{9AF85AFE-C8ED-4480-A37A-2C8BAABDAFB9}"
EndProject
Global
	GlobalSection(SolutionConfigurationPlatforms) = preSolution
		Debug|Any CPU = Debug|Any CPU
		Release|Any CPU = Release|Any CPU
	EndGlobalSection
	GlobalSection(ProjectConfigurationPlatforms) = postSolution
		{9AF85AFE-C8ED-4480-A37A-2C8BAABDAFB9}.Debug|Any CPU.ActiveCfg = Debug|Any CPU
		{9AF85AFE-C8ED-4480-A37A-2C8BAABDAFB9}.Debug|Any CPU.Build.0 = Debug|Any CPU
		{9AF85AFE-C8ED-4480-A37A-2C8BAABDAFB9}.Release|Any CPU.ActiveCfg = Release|Any CPU
		{9AF85AFE-C8ED-4480-A37A-2C8BAABDAFB9}.Release|Any CPU.Build.0 = Release|Any CPU
	EndGlobalSection
	GlobalSection(SolutionProperties) = preSolution
		HideSolutionNode = FALSE
	EndGlobalSection
	GlobalSection(ExtensibilityGlobals) = postSolution
		SolutionGuid = {3AFDB895-826C-4B0D-8918-1134BCF70CDD}
	EndGlobalSection
EndGlobal
